
Microsoft Visual Studio Solution File, Format Version 12.00
# Visual Studio 2015
Project("{FAE04EC0-301F-11D3-BF4B-00C04F79EFBC}") = "Destroyed Platform.CSharp.Plugins", "Destroyed Platform.CSharp.Plugins.csproj", "{960E3276-78E3-B3DF-CADF-8484B1FAFD1C}"
EndProject
Project("{FAE04EC0-301F-11D3-BF4B-00C04F79EFBC}") = "Destroyed Platform.CSharp", "Destroyed Platform.CSharp.csproj", "{59EDE98C-1540-2348-FC13-C8B5692F7EE3}"
EndProject
Project("{FAE04EC0-301F-11D3-BF4B-00C04F79EFBC}") = "Destroyed Platform.CSharp.Editor.Plugins", "Destroyed Platform.CSharp.Editor.Plugins.csproj", "{328D35B8-2FA4-5433-3676-14F16F1974A4}"
EndProject
Project("{FAE04EC0-301F-11D3-BF4B-00C04F79EFBC}") = "Destroyed Platform.CSharp.Editor", "Destroyed Platform.CSharp.Editor.csproj", "{184E9C5C-9EC9-758F-6D20-3A4B59ED1F4F}"
EndProject
Global
	GlobalSection(SolutionConfigurationPlatforms) = preSolution
		Debug|Any CPU = Debug|Any CPU
		Release|Any CPU = Release|Any CPU
	EndGlobalSection
	GlobalSection(ProjectConfigurationPlatforms) = postSolution
		{960E3276-78E3-B3DF-CADF-8484B1FAFD1C}.Debug|Any CPU.ActiveCfg = Debug|Any CPU
		{960E3276-78E3-B3DF-CADF-8484B1FAFD1C}.Debug|Any CPU.Build.0 = Debug|Any CPU
		{960E3276-78E3-B3DF-CADF-8484B1FAFD1C}.Release|Any CPU.ActiveCfg = Release|Any CPU
		{960E3276-78E3-B3DF-CADF-8484B1FAFD1C}.Release|Any CPU.Build.0 = Release|Any CPU
		{59EDE98C-1540-2348-FC13-C8B5692F7EE3}.Debug|Any CPU.ActiveCfg = Debug|Any CPU
		{59EDE98C-1540-2348-FC13-C8B5692F7EE3}.Debug|Any CPU.Build.0 = Debug|Any CPU
		{59EDE98C-1540-2348-FC13-C8B5692F7EE3}.Release|Any CPU.ActiveCfg = Release|Any CPU
		{59EDE98C-1540-2348-FC13-C8B5692F7EE3}.Release|Any CPU.Build.0 = Release|Any CPU
		{328D35B8-2FA4-5433-3676-14F16F1974A4}.Debug|Any CPU.ActiveCfg = Debug|Any CPU
		{328D35B8-2FA4-5433-3676-14F16F1974A4}.Debug|Any CPU.Build.0 = Debug|Any CPU
		{328D35B8-2FA4-5433-3676-14F16F1974A4}.Release|Any CPU.ActiveCfg = Release|Any CPU
		{328D35B8-2FA4-5433-3676-14F16F1974A4}.Release|Any CPU.Build.0 = Release|Any CPU
		{184E9C5C-9EC9-758F-6D20-3A4B59ED1F4F}.Debug|Any CPU.ActiveCfg = Debug|Any CPU
		{184E9C5C-9EC9-758F-6D20-3A4B59ED1F4F}.Debug|Any CPU.Build.0 = Debug|Any CPU
		{184E9C5C-9EC9-758F-6D20-3A4B59ED1F4F}.Release|Any CPU.ActiveCfg = Release|Any CPU
		{184E9C5C-9EC9-758F-6D20-3A4B59ED1F4F}.Release|Any CPU.Build.0 = Release|Any CPU
	EndGlobalSection
	GlobalSection(SolutionProperties) = preSolution
		HideSolutionNode = FALSE
	EndGlobalSection
EndGlobal
